
Microsoft Visual Studio Solution File, Format Version 12.00
# Visual Studio 14
VisualStudioVersion = 14.0.25420.1
MinimumVisualStudioVersion = 10.0.40219.1
Project("{FAE04EC0-301F-11D3-BF4B-00C04F79EFBC}") = "PlanetXamarinReader", "PlanetXamarinReader\PlanetXamarinReader\PlanetXamarinReader.csproj", "{7505E5F0-0FE2-4727-992F-4B83DB82DCB9}"
EndProject
Project("{FAE04EC0-301F-11D3-BF4B-00C04F79EFBC}") = "PlanetXamarinReader.Droid", "PlanetXamarinReader\PlanetXamarinReader.Droid\PlanetXamarinReader.Droid.csproj", "{E53C133E-729F-4280-BDED-E015F65E0E72}"
EndProject
Project("{FAE04EC0-301F-11D3-BF4B-00C04F79EFBC}") = "PlanetXamarinReader.iOS", "PlanetXamarinReader\PlanetXamarinReader.iOS\PlanetXamarinReader.iOS.csproj", "{6750A07E-BF3C-462B-8F59-0AB1369FAE4C}"
EndProject
Global
	GlobalSection(SolutionConfigurationPlatforms) = preSolution
		Ad-Hoc|Any CPU = Ad-Hoc|Any CPU
		Ad-Hoc|ARM = Ad-Hoc|ARM
		Ad-Hoc|iPhone = Ad-Hoc|iPhone
		Ad-Hoc|iPhoneSimulator = Ad-Hoc|iPhoneSimulator
		Ad-Hoc|x64 = Ad-Hoc|x64
		Ad-Hoc|x86 = Ad-Hoc|x86
		AppStore|Any CPU = AppStore|Any CPU
		AppStore|ARM = AppStore|ARM
		AppStore|iPhone = AppStore|iPhone
		AppStore|iPhoneSimulator = AppStore|iPhoneSimulator
		AppStore|x64 = AppStore|x64
		AppStore|x86 = AppStore|x86
		Debug|Any CPU = Debug|Any CPU
		Debug|ARM = Debug|ARM
		Debug|iPhone = Debug|iPhone
		Debug|iPhoneSimulator = Debug|iPhoneSimulator
		Debug|x64 = Debug|x64
		Debug|x86 = Debug|x86
		Release|Any CPU = Release|Any CPU
		Release|ARM = Release|ARM
		Release|iPhone = Release|iPhone
		Release|iPhoneSimulator = Release|iPhoneSimulator
		Release|x64 = Release|x64
		Release|x86 = Release|x86
	EndGlobalSection
	GlobalSection(ProjectConfigurationPlatforms) = postSolution
		{7505E5F0-0FE2-4727-992F-4B83DB82DCB9}.Ad-Hoc|Any CPU.ActiveCfg = Release|Any CPU
		{7505E5F0-0FE2-4727-992F-4B83DB82DCB9}.Ad-Hoc|Any CPU.Build.0 = Release|Any CPU
		{7505E5F0-0FE2-4727-992F-4B83DB82DCB9}.Ad-Hoc|ARM.ActiveCfg = Release|Any CPU
		{7505E5F0-0FE2-4727-992F-4B83DB82DCB9}.Ad-Hoc|ARM.Build.0 = Release|Any CPU
		{7505E5F0-0FE2-4727-992F-4B83DB82DCB9}.Ad-Hoc|iPhone.ActiveCfg = Release|Any CPU
		{7505E5F0-0FE2-4727-992F-4B83DB82DCB9}.Ad-Hoc|iPhone.Build.0 = Release|Any CPU
		{7505E5F0-0FE2-4727-992F-4B83DB82DCB9}.Ad-Hoc|iPhoneSimulator.ActiveCfg = Release|Any CPU
		{7505E5F0-0FE2-4727-992F-4B83DB82DCB9}.Ad-Hoc|iPhoneSimulator.Build.0 = Release|Any CPU
		{7505E5F0-0FE2-4727-992F-4B83DB82DCB9}.Ad-Hoc|x64.ActiveCfg = Release|Any CPU
		{7505E5F0-0FE2-4727-992F-4B83DB82DCB9}.Ad-Hoc|x64.Build.0 = Release|Any CPU
		{7505E5F0-0FE2-4727-992F-4B83DB82DCB9}.Ad-Hoc|x86.ActiveCfg = Release|Any CPU
		{7505E5F0-0FE2-4727-992F-4B83DB82DCB9}.Ad-Hoc|x86.Build.0 = Release|Any CPU
		{7505E5F0-0FE2-4727-992F-4B83DB82DCB9}.AppStore|Any CPU.ActiveCfg = Release|Any CPU
		{7505E5F0-0FE2-4727-992F-4B83DB82DCB9}.AppStore|Any CPU.Build.0 = Release|Any CPU
		{7505E5F0-0FE2-4727-992F-4B83DB82DCB9}.AppStore|ARM.ActiveCfg = Release|Any CPU
		{7505E5F0-0FE2-4727-992F-4B83DB82DCB9}.AppStore|ARM.Build.0 = Release|Any CPU
		{7505E5F0-0FE2-4727-992F-4B83DB82DCB9}.AppStore|iPhone.ActiveCfg = Release|Any CPU
		{7505E5F0-0FE2-4727-992F-4B83DB82DCB9}.AppStore|iPhone.Build.0 = Release|Any CPU
		{7505E5F0-0FE2-4727-992F-4B83DB82DCB9}.AppStore|iPhoneSimulator.ActiveCfg = Release|Any CPU
		{7505E5F0-0FE2-4727-992F-4B83DB82DCB9}.AppStore|iPhoneSimulator.Build.0 = Release|Any CPU
		{7505E5F0-0FE2-4727-992F-4B83DB82DCB9}.AppStore|x64.ActiveCfg = Release|Any CPU
		{7505E5F0-0FE2-4727-992F-4B83DB82DCB9}.AppStore|x64.Build.0 = Release|Any CPU
		{7505E5F0-0FE2-4727-992F-4B83DB82DCB9}.AppStore|x86.ActiveCfg = Release|Any CPU
		{7505E5F0-0FE2-4727-992F-4B83DB82DCB9}.AppStore|x86.Build.0 = Release|Any CPU
		{7505E5F0-0FE2-4727-992F-4B83DB82DCB9}.Debug|Any CPU.ActiveCfg = Debug|Any CPU
		{7505E5F0-0FE2-4727-992F-4B83DB82DCB9}.Debug|Any CPU.Build.0 = Debug|Any CPU
		{7505E5F0-0FE2-4727-992F-4B83DB82DCB9}.Debug|ARM.ActiveCfg = Debug|Any CPU
		{7505E5F0-0FE2-4727-992F-4B83DB82DCB9}.Debug|ARM.Build.0 = Debug|Any CPU
		{7505E5F0-0FE2-4727-992F-4B83DB82DCB9}.Debug|iPhone.ActiveCfg = Debug|Any CPU
		{7505E5F0-0FE2-4727-992F-4B83DB82DCB9}.Debug|iPhone.Build.0 = Debug|Any CPU
		{7505E5F0-0FE2-4727-992F-4B83DB82DCB9}.Debug|iPhoneSimulator.ActiveCfg = Debug|Any CPU
		{7505E5F0-0FE2-4727-992F-4B83DB82DCB9}.Debug|iPhoneSimulator.Build.0 = Debug|Any CPU
		{7505E5F0-0FE2-4727-992F-4B83DB82DCB9}.Debug|x64.ActiveCfg = Debug|Any CPU
		{7505E5F0-0FE2-4727-992F-4B83DB82DCB9}.Debug|x64.Build.0 = Debug|Any CPU
		{7505E5F0-0FE2-4727-992F-4B83DB82DCB9}.Debug|x86.ActiveCfg = Debug|Any CPU
		{7505E5F0-0FE2-4727-992F-4B83DB82DCB9}.Debug|x86.Build.0 = Debug|Any CPU
		{7505E5F0-0FE2-4727-992F-4B83DB82DCB9}.Release|Any CPU.ActiveCfg = Release|Any CPU
		{7505E5F0-0FE2-4727-992F-4B83DB82DCB9}.Release|Any CPU.Build.0 = Release|Any CPU
		{7505E5F0-0FE2-4727-992F-4B83DB82DCB9}.Release|ARM.ActiveCfg = Release|Any CPU
		{7505E5F0-0FE2-4727-992F-4B83DB82DCB9}.Release|ARM.Build.0 = Release|Any CPU
		{7505E5F0-0FE2-4727-992F-4B83DB82DCB9}.Release|iPhone.ActiveCfg = Release|Any CPU
		{7505E5F0-0FE2-4727-992F-4B83DB82DCB9}.Release|iPhone.Build.0 = Release|Any CPU
		{7505E5F0-0FE2-4727-992F-4B83DB82DCB9}.Release|iPhoneSimulator.ActiveCfg = Release|Any CPU
		{7505E5F0-0FE2-4727-992F-4B83DB82DCB9}.Release|iPhoneSimulator.Build.0 = Release|Any CPU
		{7505E5F0-0FE2-4727-992F-4B83DB82DCB9}.Release|x64.ActiveCfg = Release|Any CPU
		{7505E5F0-0FE2-4727-992F-4B83DB82DCB9}.Release|x64.Build.0 = Release|Any CPU
		{7505E5F0-0FE2-4727-992F-4B83DB82DCB9}.Release|x86.ActiveCfg = Release|Any CPU
		{7505E5F0-0FE2-4727-992F-4B83DB82DCB9}.Release|x86.Build.0 = Release|Any CPU
		{E53C133E-729F-4280-BDED-E015F65E0E72}.Ad-Hoc|Any CPU.ActiveCfg = Release|Any CPU
		{E53C133E-729F-4280-BDED-E015F65E0E72}.Ad-Hoc|Any CPU.Build.0 = Release|Any CPU
		{E53C133E-729F-4280-BDED-E015F65E0E72}.Ad-Hoc|Any CPU.Deploy.0 = Release|Any CPU
		{E53C133E-729F-4280-BDED-E015F65E0E72}.Ad-Hoc|ARM.ActiveCfg = Release|Any CPU
		{E53C133E-729F-4280-BDED-E015F65E0E72}.Ad-Hoc|ARM.Build.0 = Release|Any CPU
		{E53C133E-729F-4280-BDED-E015F65E0E72}.Ad-Hoc|ARM.Deploy.0 = Release|Any CPU
		{E53C133E-729F-4280-BDED-E015F65E0E72}.Ad-Hoc|iPhone.ActiveCfg = Release|Any CPU
		{E53C133E-729F-4280-BDED-E015F65E0E72}.Ad-Hoc|iPhone.Build.0 = Release|Any CPU
		{E53C133E-729F-4280-BDED-E015F65E0E72}.Ad-Hoc|iPhone.Deploy.0 = Release|Any CPU
		{E53C133E-729F-4280-BDED-E015F65E0E72}.Ad-Hoc|iPhoneSimulator.ActiveCfg = Release|Any CPU
		{E53C133E-729F-4280-BDED-E015F65E0E72}.Ad-Hoc|iPhoneSimulator.Build.0 = Release|Any CPU
		{E53C133E-729F-4280-BDED-E015F65E0E72}.Ad-Hoc|iPhoneSimulator.Deploy.0 = Release|Any CPU
		{E53C133E-729F-4280-BDED-E015F65E0E72}.Ad-Hoc|x64.ActiveCfg = Release|Any CPU
		{E53C133E-729F-4280-BDED-E015F65E0E72}.Ad-Hoc|x64.Build.0 = Release|Any CPU
		{E53C133E-729F-4280-BDED-E015F65E0E72}.Ad-Hoc|x64.Deploy.0 = Release|Any CPU
		{E53C133E-729F-4280-BDED-E015F65E0E72}.Ad-Hoc|x86.ActiveCfg = Release|Any CPU
		{E53C133E-729F-4280-BDED-E015F65E0E72}.Ad-Hoc|x86.Build.0 = Release|Any CPU
		{E53C133E-729F-4280-BDED-E015F65E0E72}.Ad-Hoc|x86.Deploy.0 = Release|Any CPU
		{E53C133E-729F-4280-BDED-E015F65E0E72}.AppStore|Any CPU.ActiveCfg = Release|Any CPU
		{E53C133E-729F-4280-BDED-E015F65E0E72}.AppStore|Any CPU.Build.0 = Release|Any CPU
		{E53C133E-729F-4280-BDED-E015F65E0E72}.AppStore|Any CPU.Deploy.0 = Release|Any CPU
		{E53C133E-729F-4280-BDED-E015F65E0E72}.AppStore|ARM.ActiveCfg = Release|Any CPU
		{E53C133E-729F-4280-BDED-E015F65E0E72}.AppStore|ARM.Build.0 = Release|Any CPU
		{E53C133E-729F-4280-BDED-E015F65E0E72}.AppStore|ARM.Deploy.0 = Release|Any CPU
		{E53C133E-729F-4280-BDED-E015F65E0E72}.AppStore|iPhone.ActiveCfg = Release|Any CPU
		{E53C133E-729F-4280-BDED-E015F65E0E72}.AppStore|iPhone.Build.0 = Release|Any CPU
		{E53C133E-729F-4280-BDED-E015F65E0E72}.AppStore|iPhone.Deploy.0 = Release|Any CPU
		{E53C133E-729F-4280-BDED-E015F65E0E72}.AppStore|iPhoneSimulator.ActiveCfg = Release|Any CPU
		{E53C133E-729F-4280-BDED-E015F65E0E72}.AppStore|iPhoneSimulator.Build.0 = Release|Any CPU
		{E53C133E-729F-4280-BDED-E015F65E0E72}.AppStore|iPhoneSimulator.Deploy.0 = Release|Any CPU
		{E53C133E-729F-4280-BDED-E015F65E0E72}.AppStore|x64.ActiveCfg = Release|Any CPU
		{E53C133E-729F-4280-BDED-E015F65E0E72}.AppStore|x64.Build.0 = Release|Any CPU
		{E53C133E-729F-4280-BDED-E015F65E0E72}.AppStore|x64.Deploy.0 = Release|Any CPU
		{E53C133E-729F-4280-BDED-E015F65E0E72}.AppStore|x86.ActiveCfg = Release|Any CPU
		{E53C133E-729F-4280-BDED-E015F65E0E72}.AppStore|x86.Build.0 = Release|Any CPU
		{E53C133E-729F-4280-BDED-E015F65E0E72}.AppStore|x86.Deploy.0 = Release|Any CPU
		{E53C133E-729F-4280-BDED-E015F65E0E72}.Debug|Any CPU.ActiveCfg = Debug|Any CPU
		{E53C133E-729F-4280-BDED-E015F65E0E72}.Debug|Any CPU.Build.0 = Debug|Any CPU
		{E53C133E-729F-4280-BDED-E015F65E0E72}.Debug|Any CPU.Deploy.0 = Debug|Any CPU
		{E53C133E-729F-4280-BDED-E015F65E0E72}.Debug|ARM.ActiveCfg = Debug|Any CPU
		{E53C133E-729F-4280-BDED-E015F65E0E72}.Debug|ARM.Build.0 = Debug|Any CPU
		{E53C133E-729F-4280-BDED-E015F65E0E72}.Debug|ARM.Deploy.0 = Debug|Any CPU
		{E53C133E-729F-4280-BDED-E015F65E0E72}.Debug|iPhone.ActiveCfg = Debug|Any CPU
		{E53C133E-729F-4280-BDED-E015F65E0E72}.Debug|iPhone.Build.0 = Debug|Any CPU
		{E53C133E-729F-4280-BDED-E015F65E0E72}.Debug|iPhone.Deploy.0 = Debug|Any CPU
		{E53C133E-729F-4280-BDED-E015F65E0E72}.Debug|iPhoneSimulator.ActiveCfg = Debug|Any CPU
		{E53C133E-729F-4280-BDED-E015F65E0E72}.Debug|iPhoneSimulator.Build.0 = Debug|Any CPU
		{E53C133E-729F-4280-BDED-E015F65E0E72}.Debug|iPhoneSimulator.Deploy.0 = Debug|Any CPU
		{E53C133E-729F-4280-BDED-E015F65E0E72}.Debug|x64.ActiveCfg = Debug|Any CPU
		{E53C133E-729F-4280-BDED-E015F65E0E72}.Debug|x64.Build.0 = Debug|Any CPU
		{E53C133E-729F-4280-BDED-E015F65E0E72}.Debug|x64.Deploy.0 = Debug|Any CPU
		{E53C133E-729F-4280-BDED-E015F65E0E72}.Debug|x86.ActiveCfg = Debug|Any CPU
		{E53C133E-729F-4280-BDED-E015F65E0E72}.Debug|x86.Build.0 = Debug|Any CPU
		{E53C133E-729F-4280-BDED-E015F65E0E72}.Debug|x86.Deploy.0 = Debug|Any CPU
		{E53C133E-729F-4280-BDED-E015F65E0E72}.Release|Any CPU.ActiveCfg = Release|Any CPU
		{E53C133E-729F-4280-BDED-E015F65E0E72}.Release|Any CPU.Build.0 = Release|Any CPU
		{E53C133E-729F-4280-BDED-E015F65E0E72}.Release|Any CPU.Deploy.0 = Release|Any CPU
		{E53C133E-729F-4280-BDED-E015F65E0E72}.Release|ARM.ActiveCfg = Release|Any CPU
		{E53C133E-729F-4280-BDED-E015F65E0E72}.Release|ARM.Build.0 = Release|Any CPU
		{E53C133E-729F-4280-BDED-E015F65E0E72}.Release|ARM.Deploy.0 = Release|Any CPU
		{E53C133E-729F-4280-BDED-E015F65E0E72}.Release|iPhone.ActiveCfg = Release|Any CPU
		{E53C133E-729F-4280-BDED-E015F65E0E72}.Release|iPhone.Build.0 = Release|Any CPU
		{E53C133E-729F-4280-BDED-E015F65E0E72}.Release|iPhone.Deploy.0 = Release|Any CPU
		{E53C133E-729F-4280-BDED-E015F65E0E72}.Release|iPhoneSimulator.ActiveCfg = Release|Any CPU
		{E53C133E-729F-4280-BDED-E015F65E0E72}.Release|iPhoneSimulator.Build.0 = Release|Any CPU
		{E53C133E-729F-4280-BDED-E015F65E0E72}.Release|iPhoneSimulator.Deploy.0 = Release|Any CPU
		{E53C133E-729F-4280-BDED-E015F65E0E72}.Release|x64.ActiveCfg = Release|Any CPU
		{E53C133E-729F-4280-BDED-E015F65E0E72}.Release|x64.Build.0 = Release|Any CPU
		{E53C133E-729F-4280-BDED-E015F65E0E72}.Release|x64.Deploy.0 = Release|Any CPU
		{E53C133E-729F-4280-BDED-E015F65E0E72}.Release|x86.ActiveCfg = Release|Any CPU
		{E53C133E-729F-4280-BDED-E015F65E0E72}.Release|x86.Build.0 = Release|Any CPU
		{E53C133E-729F-4280-BDED-E015F65E0E72}.Release|x86.Deploy.0 = Release|Any CPU
		{6750A07E-BF3C-462B-8F59-0AB1369FAE4C}.Ad-Hoc|Any CPU.ActiveCfg = Ad-Hoc|iPhone
		{6750A07E-BF3C-462B-8F59-0AB1369FAE4C}.Ad-Hoc|ARM.ActiveCfg = Ad-Hoc|iPhone
		{6750A07E-BF3C-462B-8F59-0AB1369FAE4C}.Ad-Hoc|iPhone.ActiveCfg = Ad-Hoc|iPhone
		{6750A07E-BF3C-462B-8F59-0AB1369FAE4C}.Ad-Hoc|iPhone.Build.0 = Ad-Hoc|iPhone
		{6750A07E-BF3C-462B-8F59-0AB1369FAE4C}.Ad-Hoc|iPhoneSimulator.ActiveCfg = Ad-Hoc|iPhoneSimulator
		{6750A07E-BF3C-462B-8F59-0AB1369FAE4C}.Ad-Hoc|iPhoneSimulator.Build.0 = Ad-Hoc|iPhoneSimulator
		{6750A07E-BF3C-462B-8F59-0AB1369FAE4C}.Ad-Hoc|x64.ActiveCfg = Ad-Hoc|iPhone
		{6750A07E-BF3C-462B-8F59-0AB1369FAE4C}.Ad-Hoc|x86.ActiveCfg = Ad-Hoc|iPhone
		{6750A07E-BF3C-462B-8F59-0AB1369FAE4C}.AppStore|Any CPU.ActiveCfg = AppStore|iPhone
		{6750A07E-BF3C-462B-8F59-0AB1369FAE4C}.AppStore|ARM.ActiveCfg = AppStore|iPhone
		{6750A07E-BF3C-462B-8F59-0AB1369FAE4C}.AppStore|iPhone.ActiveCfg = AppStore|iPhone
		{6750A07E-BF3C-462B-8F59-0AB1369FAE4C}.AppStore|iPhone.Build.0 = AppStore|iPhone
		{6750A07E-BF3C-462B-8F59-0AB1369FAE4C}.AppStore|iPhoneSimulator.ActiveCfg = AppStore|iPhoneSimulator
		{6750A07E-BF3C-462B-8F59-0AB1369FAE4C}.AppStore|iPhoneSimulator.Build.0 = AppStore|iPhoneSimulator
		{6750A07E-BF3C-462B-8F59-0AB1369FAE4C}.AppStore|x64.ActiveCfg = AppStore|iPhone
		{6750A07E-BF3C-462B-8F59-0AB1369FAE4C}.AppStore|x86.ActiveCfg = AppStore|iPhone
		{6750A07E-BF3C-462B-8F59-0AB1369FAE4C}.Debug|Any CPU.ActiveCfg = Debug|iPhone
		{6750A07E-BF3C-462B-8F59-0AB1369FAE4C}.Debug|ARM.ActiveCfg = Debug|iPhone
		{6750A07E-BF3C-462B-8F59-0AB1369FAE4C}.Debug|iPhone.ActiveCfg = Debug|iPhone
		{6750A07E-BF3C-462B-8F59-0AB1369FAE4C}.Debug|iPhone.Build.0 = Debug|iPhone
		{6750A07E-BF3C-462B-8F59-0AB1369FAE4C}.Debug|iPhoneSimulator.ActiveCfg = Debug|iPhoneSimulator
		{6750A07E-BF3C-462B-8F59-0AB1369FAE4C}.Debug|iPhoneSimulator.Build.0 = Debug|iPhoneSimulator
		{6750A07E-BF3C-462B-8F59-0AB1369FAE4C}.Debug|x64.ActiveCfg = Debug|iPhone
		{6750A07E-BF3C-462B-8F59-0AB1369FAE4C}.Debug|x86.ActiveCfg = Debug|iPhone
		{6750A07E-BF3C-462B-8F59-0AB1369FAE4C}.Release|Any CPU.ActiveCfg = Release|iPhone
		{6750A07E-BF3C-462B-8F59-0AB1369FAE4C}.Release|ARM.ActiveCfg = Release|iPhone
		{6750A07E-BF3C-462B-8F59-0AB1369FAE4C}.Release|iPhone.ActiveCfg = Release|iPhone
		{6750A07E-BF3C-462B-8F59-0AB1369FAE4C}.Release|iPhone.Build.0 = Release|iPhone
		{6750A07E-BF3C-462B-8F59-0AB1369FAE4C}.Release|iPhoneSimulator.ActiveCfg = Release|iPhoneSimulator
		{6750A07E-BF3C-462B-8F59-0AB1369FAE4C}.Release|iPhoneSimulator.Build.0 = Release|iPhoneSimulator
		{6750A07E-BF3C-462B-8F59-0AB1369FAE4C}.Release|x64.ActiveCfg = Release|iPhone
		{6750A07E-BF3C-462B-8F59-0AB1369FAE4C}.Release|x86.ActiveCfg = Release|iPhone
	EndGlobalSection
	GlobalSection(SolutionProperties) = preSolution
		HideSolutionNode = FALSE
	EndGlobalSection
EndGlobal
